
Microsoft Visual Studio Solution File, Format Version 12.00
# Visual Studio Version 16
VisualStudioVersion = 16.0.31729.503
MinimumVisualStudioVersion = 10.0.40219.1
Project("{9A19103F-16F7-4668-BE54-9A1E7A4F7556}") = "SerializeProject", "SerializeProject\SerializeProject.csproj", "{B870D663-4F7A-4D7D-86D0-9D9141C669D7}"
EndProject
Project("{FAE04EC0-301F-11D3-BF4B-00C04F79EFBC}") = "TestSerialize", "TestSerialize\TestSerialize.csproj", "{D3DEB0D3-E0BB-45D2-BCAD-B3C0E4DB2CF7}"
EndProject
Global
	GlobalSection(SolutionConfigurationPlatforms) = preSolution
		Debug|Any CPU = Debug|Any CPU
		Release|Any CPU = Release|Any CPU
	EndGlobalSection
	GlobalSection(ProjectConfigurationPlatforms) = postSolution
		{B870D663-4F7A-4D7D-86D0-9D9141C669D7}.Debug|Any CPU.ActiveCfg = Debug|Any CPU
		{B870D663-4F7A-4D7D-86D0-9D9141C669D7}.Debug|Any CPU.Build.0 = Debug|Any CPU
		{B870D663-4F7A-4D7D-86D0-9D9141C669D7}.Release|Any CPU.ActiveCfg = Release|Any CPU
		{B870D663-4F7A-4D7D-86D0-9D9141C669D7}.Release|Any CPU.Build.0 = Release|Any CPU
		{D3DEB0D3-E0BB-45D2-BCAD-B3C0E4DB2CF7}.Debug|Any CPU.ActiveCfg = Debug|Any CPU
		{D3DEB0D3-E0BB-45D2-BCAD-B3C0E4DB2CF7}.Debug|Any CPU.Build.0 = Debug|Any CPU
		{D3DEB0D3-E0BB-45D2-BCAD-B3C0E4DB2CF7}.Release|Any CPU.ActiveCfg = Release|Any CPU
		{D3DEB0D3-E0BB-45D2-BCAD-B3C0E4DB2CF7}.Release|Any CPU.Build.0 = Release|Any CPU
	EndGlobalSection
	GlobalSection(SolutionProperties) = preSolution
		HideSolutionNode = FALSE
	EndGlobalSection
	GlobalSection(ExtensibilityGlobals) = postSolution
		SolutionGuid = {3F2321D0-7E6B-4227-B307-AA3445AC2A38}
	EndGlobalSection
EndGlobal
